// !$*UTF8*$!
{
	archiveVersion = 1;
	classes = {
	};
	objectVersion = 46;
	objects = {

/* Begin PBXBuildFile section */
		D2960CB714CC548C007A479F /* gtr1.mp3 in Resources */ = {isa = PBXBuildFile; fileRef = D2960CB614CC548C007A479F /* gtr1.mp3 */; };
		D2960CBD14CC54BC007A479F /* AlarmUtil.m in Sources */ = {isa = PBXBuildFile; fileRef = D2960CBC14CC54BC007A479F /* AlarmUtil.m */; };
		D2960CC014CC54D7007A479F /* ClockUtil.m in Sources */ = {isa = PBXBuildFile; fileRef = D2960CBF14CC54D7007A479F /* ClockUtil.m */; };
		D2960CC614CC67A8007A479F /* AVFoundation.framework in Frameworks */ = {isa = PBXBuildFile; fileRef = D2960CC514CC67A8007A479F /* AVFoundation.framework */; };
		D2960CC714CC6B03007A479F /* AVFoundation.framework in Frameworks */ = {isa = PBXBuildFile; fileRef = D2960CC514CC67A8007A479F /* AVFoundation.framework */; };
		D2E01DA914CB0B9D0086A9CD /* UIKit.framework in Frameworks */ = {isa = PBXBuildFile; fileRef = D2E01DA814CB0B9D0086A9CD /* UIKit.framework */; };
		D2E01DAB14CB0B9D0086A9CD /* Foundation.framework in Frameworks */ = {isa = PBXBuildFile; fileRef = D2E01DAA14CB0B9D0086A9CD /* Foundation.framework */; };
		D2E01DAD14CB0B9D0086A9CD /* CoreGraphics.framework in Frameworks */ = {isa = PBXBuildFile; fileRef = D2E01DAC14CB0B9D0086A9CD /* CoreGraphics.framework */; };
		D2E01DB314CB0B9D0086A9CD /* InfoPlist.strings in Resources */ = {isa = PBXBuildFile; fileRef = D2E01DB114CB0B9D0086A9CD /* InfoPlist.strings */; };
		D2E01DB514CB0B9D0086A9CD /* main.m in Sources */ = {isa = PBXBuildFile; fileRef = D2E01DB414CB0B9D0086A9CD /* main.m */; };
		D2E01DB914CB0B9D0086A9CD /* SCAppDelegate.m in Sources */ = {isa = PBXBuildFile; fileRef = D2E01DB814CB0B9D0086A9CD /* SCAppDelegate.m */; };
		D2E01DBC14CB0B9D0086A9CD /* MainStoryboard.storyboard in Resources */ = {isa = PBXBuildFile; fileRef = D2E01DBA14CB0B9D0086A9CD /* MainStoryboard.storyboard */; };
		D2E01DBF14CB0B9D0086A9CD /* SCViewController.m in Sources */ = {isa = PBXBuildFile; fileRef = D2E01DBE14CB0B9D0086A9CD /* SCViewController.m */; };
		D2E01DC714CB0B9E0086A9CD /* SenTestingKit.framework in Frameworks */ = {isa = PBXBuildFile; fileRef = D2E01DC614CB0B9E0086A9CD /* SenTestingKit.framework */; };
		D2E01DC814CB0B9E0086A9CD /* UIKit.framework in Frameworks */ = {isa = PBXBuildFile; fileRef = D2E01DA814CB0B9D0086A9CD /* UIKit.framework */; };
		D2E01DC914CB0B9E0086A9CD /* Foundation.framework in Frameworks */ = {isa = PBXBuildFile; fileRef = D2E01DAA14CB0B9D0086A9CD /* Foundation.framework */; };
		D2E01DD114CB0B9E0086A9CD /* InfoPlist.strings in Resources */ = {isa = PBXBuildFile; fileRef = D2E01DCF14CB0B9E0086A9CD /* InfoPlist.strings */; };
		D2E01DD414CB0B9E0086A9CD /* SocialClockTests.m in Sources */ = {isa = PBXBuildFile; fileRef = D2E01DD314CB0B9E0086A9CD /* SocialClockTests.m */; };
		D2E01DFD14CB10230086A9CD /* Facebook.m in Sources */ = {isa = PBXBuildFile; fileRef = D2E01DE214CB10230086A9CD /* Facebook.m */; };
		D2E01DFE14CB10230086A9CD /* FBDialog.bundle in Resources */ = {isa = PBXBuildFile; fileRef = D2E01DE514CB10230086A9CD /* FBDialog.bundle */; };
		D2E01DFF14CB10230086A9CD /* FBDialog.m in Sources */ = {isa = PBXBuildFile; fileRef = D2E01DE714CB10230086A9CD /* FBDialog.m */; };
		D2E01E0014CB10230086A9CD /* FBLoginDialog.m in Sources */ = {isa = PBXBuildFile; fileRef = D2E01DE914CB10230086A9CD /* FBLoginDialog.m */; };
		D2E01E0114CB10230086A9CD /* FBRequest.m in Sources */ = {isa = PBXBuildFile; fileRef = D2E01DEB14CB10230086A9CD /* FBRequest.m */; };
		D2E01E0214CB10230086A9CD /* NSObject+SBJSON.m in Sources */ = {isa = PBXBuildFile; fileRef = D2E01DEF14CB10230086A9CD /* NSObject+SBJSON.m */; };
		D2E01E0314CB10230086A9CD /* NSString+SBJSON.m in Sources */ = {isa = PBXBuildFile; fileRef = D2E01DF114CB10230086A9CD /* NSString+SBJSON.m */; };
		D2E01E0414CB10230086A9CD /* SBJSON.m in Sources */ = {isa = PBXBuildFile; fileRef = D2E01DF314CB10230086A9CD /* SBJSON.m */; };
		D2E01E0514CB10230086A9CD /* SBJsonBase.m in Sources */ = {isa = PBXBuildFile; fileRef = D2E01DF514CB10230086A9CD /* SBJsonBase.m */; };
		D2E01E0614CB10230086A9CD /* SBJsonParser.m in Sources */ = {isa = PBXBuildFile; fileRef = D2E01DF714CB10230086A9CD /* SBJsonParser.m */; };
		D2E01E0714CB10230086A9CD /* SBJsonWriter.m in Sources */ = {isa = PBXBuildFile; fileRef = D2E01DF914CB10230086A9CD /* SBJsonWriter.m */; };
		D2E01E0B14CB10320086A9CD /* Facebook.m in Sources */ = {isa = PBXBuildFile; fileRef = D2E01DE214CB10230086A9CD /* Facebook.m */; };
		D2E01E0C14CB10390086A9CD /* FBDialog.m in Sources */ = {isa = PBXBuildFile; fileRef = D2E01DE714CB10230086A9CD /* FBDialog.m */; };
		D2E01E0D14CB103C0086A9CD /* FBLoginDialog.m in Sources */ = {isa = PBXBuildFile; fileRef = D2E01DE914CB10230086A9CD /* FBLoginDialog.m */; };
		D2E01E0E14CB10400086A9CD /* FBRequest.m in Sources */ = {isa = PBXBuildFile; fileRef = D2E01DEB14CB10230086A9CD /* FBRequest.m */; };
		D2E01E0F14CB10520086A9CD /* FBDialog.bundle in Resources */ = {isa = PBXBuildFile; fileRef = D2E01DE514CB10230086A9CD /* FBDialog.bundle */; };
		D2E01E1014CB10660086A9CD /* NSObject+SBJSON.m in Sources */ = {isa = PBXBuildFile; fileRef = D2E01DEF14CB10230086A9CD /* NSObject+SBJSON.m */; };
		D2E01E1114CB106C0086A9CD /* NSString+SBJSON.m in Sources */ = {isa = PBXBuildFile; fileRef = D2E01DF114CB10230086A9CD /* NSString+SBJSON.m */; };
		D2E01E1214CB106F0086A9CD /* SBJSON.m in Sources */ = {isa = PBXBuildFile; fileRef = D2E01DF314CB10230086A9CD /* SBJSON.m */; };
		D2E01E1314CB10720086A9CD /* SBJsonBase.m in Sources */ = {isa = PBXBuildFile; fileRef = D2E01DF514CB10230086A9CD /* SBJsonBase.m */; };
		D2E01E1414CB10740086A9CD /* SBJsonParser.m in Sources */ = {isa = PBXBuildFile; fileRef = D2E01DF714CB10230086A9CD /* SBJsonParser.m */; };
		D2E01E1514CB10780086A9CD /* SBJsonWriter.m in Sources */ = {isa = PBXBuildFile; fileRef = D2E01DF914CB10230086A9CD /* SBJsonWriter.m */; };
		D2E01E1614CB116E0086A9CD /* CoreGraphics.framework in Frameworks */ = {isa = PBXBuildFile; fileRef = D2E01DAC14CB0B9D0086A9CD /* CoreGraphics.framework */; };
		D2E01E5314CBB8CA0086A9CD /* README.md in Resources */ = {isa = PBXBuildFile; fileRef = D2E01E5214CBB8CA0086A9CD /* README.md */; };
		D2E01E5B14CBC0F40086A9CD /* SCSettingViewController.m in Sources */ = {isa = PBXBuildFile; fileRef = D2E01E5A14CBC0F30086A9CD /* SCSettingViewController.m */; };
/* End PBXBuildFile section */

/* Begin PBXContainerItemProxy section */
		D2E01DCA14CB0B9E0086A9CD /* PBXContainerItemProxy */ = {
			isa = PBXContainerItemProxy;
			containerPortal = D2E01D9B14CB0B9D0086A9CD /* Project object */;
			proxyType = 1;
			remoteGlobalIDString = D2E01DA314CB0B9D0086A9CD;
			remoteInfo = SocialClock;
		};
		D2E01E0914CB10230086A9CD /* PBXContainerItemProxy */ = {
			isa = PBXContainerItemProxy;
			containerPortal = D2E01DDE14CB10230086A9CD /* facebook-ios-sdk.xcodeproj */;
			proxyType = 2;
			remoteGlobalIDString = D2AAC07E0554694100DB518D;
			remoteInfo = "facebook-ios-sdk";
		};
/* End PBXContainerItemProxy section */

/* Begin PBXFileReference section */
		D2960CB614CC548C007A479F /* gtr1.mp3 */ = {isa = PBXFileReference; lastKnownFileType = audio.mp3; path = gtr1.mp3; sourceTree = "<group>"; };
		D2960CBB14CC54BC007A479F /* AlarmUtil.h */ = {isa = PBXFileReference; fileEncoding = 4; lastKnownFileType = sourcecode.c.h; path = AlarmUtil.h; sourceTree = "<group>"; };
		D2960CBC14CC54BC007A479F /* AlarmUtil.m */ = {isa = PBXFileReference; fileEncoding = 4; lastKnownFileType = sourcecode.c.objc; path = AlarmUtil.m; sourceTree = "<group>"; };
		D2960CBE14CC54D7007A479F /* ClockUtil.h */ = {isa = PBXFileReference; fileEncoding = 4; lastKnownFileType = sourcecode.c.h; path = ClockUtil.h; sourceTree = "<group>"; };
		D2960CBF14CC54D7007A479F /* ClockUtil.m */ = {isa = PBXFileReference; fileEncoding = 4; lastKnownFileType = sourcecode.c.objc; path = ClockUtil.m; sourceTree = "<group>"; };
		D2960CC514CC67A8007A479F /* AVFoundation.framework */ = {isa = PBXFileReference; lastKnownFileType = wrapper.framework; name = AVFoundation.framework; path = System/Library/Frameworks/AVFoundation.framework; sourceTree = SDKROOT; };
		D2E01DA414CB0B9D0086A9CD /* SocialClock.app */ = {isa = PBXFileReference; explicitFileType = wrapper.application; includeInIndex = 0; path = SocialClock.app; sourceTree = BUILT_PRODUCTS_DIR; };
		D2E01DA814CB0B9D0086A9CD /* UIKit.framework */ = {isa = PBXFileReference; lastKnownFileType = wrapper.framework; name = UIKit.framework; path = System/Library/Frameworks/UIKit.framework; sourceTree = SDKROOT; };
		D2E01DAA14CB0B9D0086A9CD /* Foundation.framework */ = {isa = PBXFileReference; lastKnownFileType = wrapper.framework; name = Foundation.framework; path = System/Library/Frameworks/Foundation.framework; sourceTree = SDKROOT; };
		D2E01DAC14CB0B9D0086A9CD /* CoreGraphics.framework */ = {isa = PBXFileReference; lastKnownFileType = wrapper.framework; name = CoreGraphics.framework; path = System/Library/Frameworks/CoreGraphics.framework; sourceTree = SDKROOT; };
		D2E01DB014CB0B9D0086A9CD /* SocialClock-Info.plist */ = {isa = PBXFileReference; lastKnownFileType = text.plist.xml; path = "SocialClock-Info.plist"; sourceTree = "<group>"; };
		D2E01DB214CB0B9D0086A9CD /* en */ = {isa = PBXFileReference; lastKnownFileType = text.plist.strings; name = en; path = en.lproj/InfoPlist.strings; sourceTree = "<group>"; };
		D2E01DB414CB0B9D0086A9CD /* main.m */ = {isa = PBXFileReference; lastKnownFileType = sourcecode.c.objc; path = main.m; sourceTree = "<group>"; };
		D2E01DB614CB0B9D0086A9CD /* SocialClock-Prefix.pch */ = {isa = PBXFileReference; lastKnownFileType = sourcecode.c.h; path = "SocialClock-Prefix.pch"; sourceTree = "<group>"; };
		D2E01DB714CB0B9D0086A9CD /* SCAppDelegate.h */ = {isa = PBXFileReference; lastKnownFileType = sourcecode.c.h; path = SCAppDelegate.h; sourceTree = "<group>"; };
		D2E01DB814CB0B9D0086A9CD /* SCAppDelegate.m */ = {isa = PBXFileReference; lastKnownFileType = sourcecode.c.objc; path = SCAppDelegate.m; sourceTree = "<group>"; };
		D2E01DBB14CB0B9D0086A9CD /* en */ = {isa = PBXFileReference; lastKnownFileType = file.storyboard; name = en; path = en.lproj/MainStoryboard.storyboard; sourceTree = "<group>"; };
		D2E01DBD14CB0B9D0086A9CD /* SCViewController.h */ = {isa = PBXFileReference; lastKnownFileType = sourcecode.c.h; path = SCViewController.h; sourceTree = "<group>"; };
		D2E01DBE14CB0B9D0086A9CD /* SCViewController.m */ = {isa = PBXFileReference; lastKnownFileType = sourcecode.c.objc; path = SCViewController.m; sourceTree = "<group>"; };
		D2E01DC514CB0B9D0086A9CD /* SocialClockTests.octest */ = {isa = PBXFileReference; explicitFileType = wrapper.cfbundle; includeInIndex = 0; path = SocialClockTests.octest; sourceTree = BUILT_PRODUCTS_DIR; };
		D2E01DC614CB0B9E0086A9CD /* SenTestingKit.framework */ = {isa = PBXFileReference; lastKnownFileType = wrapper.framework; name = SenTestingKit.framework; path = Library/Frameworks/SenTestingKit.framework; sourceTree = DEVELOPER_DIR; };
		D2E01DCE14CB0B9E0086A9CD /* SocialClockTests-Info.plist */ = {isa = PBXFileReference; lastKnownFileType = text.plist.xml; path = "SocialClockTests-Info.plist"; sourceTree = "<group>"; };
		D2E01DD014CB0B9E0086A9CD /* en */ = {isa = PBXFileReference; lastKnownFileType = text.plist.strings; name = en; path = en.lproj/InfoPlist.strings; sourceTree = "<group>"; };
		D2E01DD214CB0B9E0086A9CD /* SocialClockTests.h */ = {isa = PBXFileReference; lastKnownFileType = sourcecode.c.h; path = SocialClockTests.h; sourceTree = "<group>"; };
		D2E01DD314CB0B9E0086A9CD /* SocialClockTests.m */ = {isa = PBXFileReference; lastKnownFileType = sourcecode.c.objc; path = SocialClockTests.m; sourceTree = "<group>"; };
		D2E01DDE14CB10230086A9CD /* facebook-ios-sdk.xcodeproj */ = {isa = PBXFileReference; lastKnownFileType = "wrapper.pb-project"; path = "facebook-ios-sdk.xcodeproj"; sourceTree = "<group>"; };
		D2E01DE114CB10230086A9CD /* Facebook.h */ = {isa = PBXFileReference; fileEncoding = 4; lastKnownFileType = sourcecode.c.h; path = Facebook.h; sourceTree = "<group>"; };
		D2E01DE214CB10230086A9CD /* Facebook.m */ = {isa = PBXFileReference; fileEncoding = 4; lastKnownFileType = sourcecode.c.objc; path = Facebook.m; sourceTree = "<group>"; };
		D2E01DE314CB10230086A9CD /* facebook_ios_sdk_Prefix.pch */ = {isa = PBXFileReference; fileEncoding = 4; lastKnownFileType = sourcecode.c.h; path = facebook_ios_sdk_Prefix.pch; sourceTree = "<group>"; };
		D2E01DE414CB10230086A9CD /* FBConnect.h */ = {isa = PBXFileReference; fileEncoding = 4; lastKnownFileType = sourcecode.c.h; path = FBConnect.h; sourceTree = "<group>"; };
		D2E01DE514CB10230086A9CD /* FBDialog.bundle */ = {isa = PBXFileReference; lastKnownFileType = "wrapper.plug-in"; path = FBDialog.bundle; sourceTree = "<group>"; };
		D2E01DE614CB10230086A9CD /* FBDialog.h */ = {isa = PBXFileReference; fileEncoding = 4; lastKnownFileType = sourcecode.c.h; path = FBDialog.h; sourceTree = "<group>"; };
		D2E01DE714CB10230086A9CD /* FBDialog.m */ = {isa = PBXFileReference; fileEncoding = 4; lastKnownFileType = sourcecode.c.objc; path = FBDialog.m; sourceTree = "<group>"; };
		D2E01DE814CB10230086A9CD /* FBLoginDialog.h */ = {isa = PBXFileReference; fileEncoding = 4; lastKnownFileType = sourcecode.c.h; path = FBLoginDialog.h; sourceTree = "<group>"; };
		D2E01DE914CB10230086A9CD /* FBLoginDialog.m */ = {isa = PBXFileReference; fileEncoding = 4; lastKnownFileType = sourcecode.c.objc; path = FBLoginDialog.m; sourceTree = "<group>"; };
		D2E01DEA14CB10230086A9CD /* FBRequest.h */ = {isa = PBXFileReference; fileEncoding = 4; lastKnownFileType = sourcecode.c.h; path = FBRequest.h; sourceTree = "<group>"; };
		D2E01DEB14CB10230086A9CD /* FBRequest.m */ = {isa = PBXFileReference; fileEncoding = 4; lastKnownFileType = sourcecode.c.objc; path = FBRequest.m; sourceTree = "<group>"; };
		D2E01DED14CB10230086A9CD /* JSON.h */ = {isa = PBXFileReference; fileEncoding = 4; lastKnownFileType = sourcecode.c.h; path = JSON.h; sourceTree = "<group>"; };
		D2E01DEE14CB10230086A9CD /* NSObject+SBJSON.h */ = {isa = PBXFileReference; fileEncoding = 4; lastKnownFileType = sourcecode.c.h; path = "NSObject+SBJSON.h"; sourceTree = "<group>"; };
		D2E01DEF14CB10230086A9CD /* NSObject+SBJSON.m */ = {isa = PBXFileReference; fileEncoding = 4; lastKnownFileType = sourcecode.c.objc; path = "NSObject+SBJSON.m"; sourceTree = "<group>"; };
		D2E01DF014CB10230086A9CD /* NSString+SBJSON.h */ = {isa = PBXFileReference; fileEncoding = 4; lastKnownFileType = sourcecode.c.h; path = "NSString+SBJSON.h"; sourceTree = "<group>"; };
		D2E01DF114CB10230086A9CD /* NSString+SBJSON.m */ = {isa = PBXFileReference; fileEncoding = 4; lastKnownFileType = sourcecode.c.objc; path = "NSString+SBJSON.m"; sourceTree = "<group>"; };
		D2E01DF214CB10230086A9CD /* SBJSON.h */ = {isa = PBXFileReference; fileEncoding = 4; lastKnownFileType = sourcecode.c.h; path = SBJSON.h; sourceTree = "<group>"; };
		D2E01DF314CB10230086A9CD /* SBJSON.m */ = {isa = PBXFileReference; fileEncoding = 4; lastKnownFileType = sourcecode.c.objc; path = SBJSON.m; sourceTree = "<group>"; };
		D2E01DF414CB10230086A9CD /* SBJsonBase.h */ = {isa = PBXFileReference; fileEncoding = 4; lastKnownFileType = sourcecode.c.h; path = SBJsonBase.h; sourceTree = "<group>"; };
		D2E01DF514CB10230086A9CD /* SBJsonBase.m */ = {isa = PBXFileReference; fileEncoding = 4; lastKnownFileType = sourcecode.c.objc; path = SBJsonBase.m; sourceTree = "<group>"; };
		D2E01DF614CB10230086A9CD /* SBJsonParser.h */ = {isa = PBXFileReference; fileEncoding = 4; lastKnownFileType = sourcecode.c.h; path = SBJsonParser.h; sourceTree = "<group>"; };
		D2E01DF714CB10230086A9CD /* SBJsonParser.m */ = {isa = PBXFileReference; fileEncoding = 4; lastKnownFileType = sourcecode.c.objc; path = SBJsonParser.m; sourceTree = "<group>"; };
		D2E01DF814CB10230086A9CD /* SBJsonWriter.h */ = {isa = PBXFileReference; fileEncoding = 4; lastKnownFileType = sourcecode.c.h; path = SBJsonWriter.h; sourceTree = "<group>"; };
		D2E01DF914CB10230086A9CD /* SBJsonWriter.m */ = {isa = PBXFileReference; fileEncoding = 4; lastKnownFileType = sourcecode.c.objc; path = SBJsonWriter.m; sourceTree = "<group>"; };
		D2E01E5214CBB8CA0086A9CD /* README.md */ = {isa = PBXFileReference; fileEncoding = 4; lastKnownFileType = text; path = README.md; sourceTree = "<group>"; };
		D2E01E5914CBC0F30086A9CD /* SCSettingViewController.h */ = {isa = PBXFileReference; fileEncoding = 4; lastKnownFileType = sourcecode.c.h; path = SCSettingViewController.h; sourceTree = "<group>"; };
		D2E01E5A14CBC0F30086A9CD /* SCSettingViewController.m */ = {isa = PBXFileReference; fileEncoding = 4; lastKnownFileType = sourcecode.c.objc; path = SCSettingViewController.m; sourceTree = "<group>"; };
/* End PBXFileReference section */

/* Begin PBXFrameworksBuildPhase section */
		D2E01DA114CB0B9D0086A9CD /* Frameworks */ = {
			isa = PBXFrameworksBuildPhase;
			buildActionMask = 2147483647;
			files = (
				D2960CC714CC6B03007A479F /* AVFoundation.framework in Frameworks */,
				D2E01DA914CB0B9D0086A9CD /* UIKit.framework in Frameworks */,
				D2E01DAB14CB0B9D0086A9CD /* Foundation.framework in Frameworks */,
				D2E01DAD14CB0B9D0086A9CD /* CoreGraphics.framework in Frameworks */,
			);
			runOnlyForDeploymentPostprocessing = 0;
		};
		D2E01DC114CB0B9D0086A9CD /* Frameworks */ = {
			isa = PBXFrameworksBuildPhase;
			buildActionMask = 2147483647;
			files = (
				D2960CC614CC67A8007A479F /* AVFoundation.framework in Frameworks */,
				D2E01E1614CB116E0086A9CD /* CoreGraphics.framework in Frameworks */,
				D2E01DC714CB0B9E0086A9CD /* SenTestingKit.framework in Frameworks */,
				D2E01DC814CB0B9E0086A9CD /* UIKit.framework in Frameworks */,
				D2E01DC914CB0B9E0086A9CD /* Foundation.framework in Frameworks */,
			);
			runOnlyForDeploymentPostprocessing = 0;
		};
/* End PBXFrameworksBuildPhase section */

/* Begin PBXGroup section */
		D2E01D9914CB0B9D0086A9CD = {
			isa = PBXGroup;
			children = (
				D2E01E5214CBB8CA0086A9CD /* README.md */,
				D2E01DAE14CB0B9D0086A9CD /* SocialClock */,
				D2E01DCC14CB0B9E0086A9CD /* SocialClockTests */,
				D2E01DA714CB0B9D0086A9CD /* Frameworks */,
				D2E01DA514CB0B9D0086A9CD /* Products */,
			);
			sourceTree = "<group>";
		};
		D2E01DA514CB0B9D0086A9CD /* Products */ = {
			isa = PBXGroup;
			children = (
				D2E01DA414CB0B9D0086A9CD /* SocialClock.app */,
				D2E01DC514CB0B9D0086A9CD /* SocialClockTests.octest */,
			);
			name = Products;
			sourceTree = "<group>";
		};
		D2E01DA714CB0B9D0086A9CD /* Frameworks */ = {
			isa = PBXGroup;
			children = (
				D2960CC514CC67A8007A479F /* AVFoundation.framework */,
				D2E01DA814CB0B9D0086A9CD /* UIKit.framework */,
				D2E01DAA14CB0B9D0086A9CD /* Foundation.framework */,
				D2E01DAC14CB0B9D0086A9CD /* CoreGraphics.framework */,
				D2E01DC614CB0B9E0086A9CD /* SenTestingKit.framework */,
			);
			name = Frameworks;
			sourceTree = "<group>";
		};
		D2E01DAE14CB0B9D0086A9CD /* SocialClock */ = {
			isa = PBXGroup;
			children = (
				D2E01DDD14CB10230086A9CD /* src */,
				D2E01DB714CB0B9D0086A9CD /* SCAppDelegate.h */,
				D2E01DB814CB0B9D0086A9CD /* SCAppDelegate.m */,
				D2E01DBA14CB0B9D0086A9CD /* MainStoryboard.storyboard */,
				D2E01DBD14CB0B9D0086A9CD /* SCViewController.h */,
				D2E01DBE14CB0B9D0086A9CD /* SCViewController.m */,
				D2E01DAF14CB0B9D0086A9CD /* Supporting Files */,
				D2E01E5914CBC0F30086A9CD /* SCSettingViewController.h */,
				D2E01E5A14CBC0F30086A9CD /* SCSettingViewController.m */,
				D2960CBB14CC54BC007A479F /* AlarmUtil.h */,
				D2960CBC14CC54BC007A479F /* AlarmUtil.m */,
				D2960CBE14CC54D7007A479F /* ClockUtil.h */,
				D2960CBF14CC54D7007A479F /* ClockUtil.m */,
			);
			path = SocialClock;
			sourceTree = "<group>";
		};
		D2E01DAF14CB0B9D0086A9CD /* Supporting Files */ = {
			isa = PBXGroup;
			children = (
				D2E01DB014CB0B9D0086A9CD /* SocialClock-Info.plist */,
				D2E01DB114CB0B9D0086A9CD /* InfoPlist.strings */,
				D2E01DB414CB0B9D0086A9CD /* main.m */,
				D2E01DB614CB0B9D0086A9CD /* SocialClock-Prefix.pch */,
			);
			name = "Supporting Files";
			sourceTree = "<group>";
		};
		D2E01DCC14CB0B9E0086A9CD /* SocialClockTests */ = {
			isa = PBXGroup;
			children = (
				D2E01DD214CB0B9E0086A9CD /* SocialClockTests.h */,
				D2E01DD314CB0B9E0086A9CD /* SocialClockTests.m */,
				D2E01DCD14CB0B9E0086A9CD /* Supporting Files */,
			);
			path = SocialClockTests;
			sourceTree = "<group>";
		};
		D2E01DCD14CB0B9E0086A9CD /* Supporting Files */ = {
			isa = PBXGroup;
			children = (
				D2960CB614CC548C007A479F /* gtr1.mp3 */,
				D2E01DCE14CB0B9E0086A9CD /* SocialClockTests-Info.plist */,
				D2E01DCF14CB0B9E0086A9CD /* InfoPlist.strings */,
			);
			name = "Supporting Files";
			sourceTree = "<group>";
		};
		D2E01DDD14CB10230086A9CD /* src */ = {
			isa = PBXGroup;
			children = (
				D2E01DDE14CB10230086A9CD /* facebook-ios-sdk.xcodeproj */,
				D2E01DE114CB10230086A9CD /* Facebook.h */,
				D2E01DE214CB10230086A9CD /* Facebook.m */,
				D2E01DE314CB10230086A9CD /* facebook_ios_sdk_Prefix.pch */,
				D2E01DE414CB10230086A9CD /* FBConnect.h */,
				D2E01DE514CB10230086A9CD /* FBDialog.bundle */,
				D2E01DE614CB10230086A9CD /* FBDialog.h */,
				D2E01DE714CB10230086A9CD /* FBDialog.m */,
				D2E01DE814CB10230086A9CD /* FBLoginDialog.h */,
				D2E01DE914CB10230086A9CD /* FBLoginDialog.m */,
				D2E01DEA14CB10230086A9CD /* FBRequest.h */,
				D2E01DEB14CB10230086A9CD /* FBRequest.m */,
				D2E01DEC14CB10230086A9CD /* JSON */,
			);
			path = src;
			sourceTree = "<group>";
		};
		D2E01DDF14CB10230086A9CD /* Products */ = {
			isa = PBXGroup;
			children = (
				D2E01E0A14CB10230086A9CD /* libfacebook_ios_sdk.a */,
			);
			name = Products;
			sourceTree = "<group>";
		};
		D2E01DEC14CB10230086A9CD /* JSON */ = {
			isa = PBXGroup;
			children = (
				D2E01DED14CB10230086A9CD /* JSON.h */,
				D2E01DEE14CB10230086A9CD /* NSObject+SBJSON.h */,
				D2E01DEF14CB10230086A9CD /* NSObject+SBJSON.m */,
				D2E01DF014CB10230086A9CD /* NSString+SBJSON.h */,
				D2E01DF114CB10230086A9CD /* NSString+SBJSON.m */,
				D2E01DF214CB10230086A9CD /* SBJSON.h */,
				D2E01DF314CB10230086A9CD /* SBJSON.m */,
				D2E01DF414CB10230086A9CD /* SBJsonBase.h */,
				D2E01DF514CB10230086A9CD /* SBJsonBase.m */,
				D2E01DF614CB10230086A9CD /* SBJsonParser.h */,
				D2E01DF714CB10230086A9CD /* SBJsonParser.m */,
				D2E01DF814CB10230086A9CD /* SBJsonWriter.h */,
				D2E01DF914CB10230086A9CD /* SBJsonWriter.m */,
			);
			path = JSON;
			sourceTree = "<group>";
		};
/* End PBXGroup section */

/* Begin PBXNativeTarget section */
		D2E01DA314CB0B9D0086A9CD /* SocialClock */ = {
			isa = PBXNativeTarget;
			buildConfigurationList = D2E01DD714CB0B9E0086A9CD /* Build configuration list for PBXNativeTarget "SocialClock" */;
			buildPhases = (
				D2E01DA014CB0B9D0086A9CD /* Sources */,
				D2E01DA114CB0B9D0086A9CD /* Frameworks */,
				D2E01DA214CB0B9D0086A9CD /* Resources */,
			);
			buildRules = (
			);
			dependencies = (
			);
			name = SocialClock;
			productName = SocialClock;
			productReference = D2E01DA414CB0B9D0086A9CD /* SocialClock.app */;
			productType = "com.apple.product-type.application";
		};
		D2E01DC414CB0B9D0086A9CD /* SocialClockTests */ = {
			isa = PBXNativeTarget;
			buildConfigurationList = D2E01DDA14CB0B9E0086A9CD /* Build configuration list for PBXNativeTarget "SocialClockTests" */;
			buildPhases = (
				D2E01DC014CB0B9D0086A9CD /* Sources */,
				D2E01DC114CB0B9D0086A9CD /* Frameworks */,
				D2E01DC214CB0B9D0086A9CD /* Resources */,
				D2E01DC314CB0B9D0086A9CD /* ShellScript */,
			);
			buildRules = (
			);
			dependencies = (
				D2E01DCB14CB0B9E0086A9CD /* PBXTargetDependency */,
			);
			name = SocialClockTests;
			productName = SocialClockTests;
			productReference = D2E01DC514CB0B9D0086A9CD /* SocialClockTests.octest */;
			productType = "com.apple.product-type.bundle";
		};
/* End PBXNativeTarget section */

/* Begin PBXProject section */
		D2E01D9B14CB0B9D0086A9CD /* Project object */ = {
			isa = PBXProject;
			attributes = {
				LastUpgradeCheck = 0420;
				ORGANIZATIONNAME = None;
			};
			buildConfigurationList = D2E01D9E14CB0B9D0086A9CD /* Build configuration list for PBXProject "SocialClock" */;
			compatibilityVersion = "Xcode 3.2";
			developmentRegion = English;
			hasScannedForEncodings = 0;
			knownRegions = (
				en,
			);
			mainGroup = D2E01D9914CB0B9D0086A9CD;
			productRefGroup = D2E01DA514CB0B9D0086A9CD /* Products */;
			projectDirPath = "";
			projectReferences = (
				{
					ProductGroup = D2E01DDF14CB10230086A9CD /* Products */;
					ProjectRef = D2E01DDE14CB10230086A9CD /* facebook-ios-sdk.xcodeproj */;
				},
			);
			projectRoot = "";
			targets = (
				D2E01DA314CB0B9D0086A9CD /* SocialClock */,
				D2E01DC414CB0B9D0086A9CD /* SocialClockTests */,
			);
		};
/* End PBXProject section */

/* Begin PBXReferenceProxy section */
		D2E01E0A14CB10230086A9CD /* libfacebook_ios_sdk.a */ = {
			isa = PBXReferenceProxy;
			fileType = archive.ar;
			path = libfacebook_ios_sdk.a;
			remoteRef = D2E01E0914CB10230086A9CD /* PBXContainerItemProxy */;
			sourceTree = BUILT_PRODUCTS_DIR;
		};
/* End PBXReferenceProxy section */

/* Begin PBXResourcesBuildPhase section */
		D2E01DA214CB0B9D0086A9CD /* Resources */ = {
			isa = PBXResourcesBuildPhase;
			buildActionMask = 2147483647;
			files = (
				D2E01DB314CB0B9D0086A9CD /* InfoPlist.strings in Resources */,
				D2E01DBC14CB0B9D0086A9CD /* MainStoryboard.storyboard in Resources */,
				D2E01DFE14CB10230086A9CD /* FBDialog.bundle in Resources */,
				D2E01E5314CBB8CA0086A9CD /* README.md in Resources */,
				D2960CB714CC548C007A479F /* gtr1.mp3 in Resources */,
			);
			runOnlyForDeploymentPostprocessing = 0;
		};
		D2E01DC214CB0B9D0086A9CD /* Resources */ = {
			isa = PBXResourcesBuildPhase;
			buildActionMask = 2147483647;
			files = (
				D2E01DD114CB0B9E0086A9CD /* InfoPlist.strings in Resources */,
				D2E01E0F14CB10520086A9CD /* FBDialog.bundle in Resources */,
			);
			runOnlyForDeploymentPostprocessing = 0;
		};
/* End PBXResourcesBuildPhase section */

/* Begin PBXShellScriptBuildPhase section */
		D2E01DC314CB0B9D0086A9CD /* ShellScript */ = {
			isa = PBXShellScriptBuildPhase;
			buildActionMask = 2147483647;
			files = (
			);
			inputPaths = (
			);
			outputPaths = (
			);
			runOnlyForDeploymentPostprocessing = 0;
			shellPath = /bin/sh;
			shellScript = "# Run the unit tests in this test bundle.\n\"${SYSTEM_DEVELOPER_DIR}/Tools/RunUnitTests\"\n";
		};
/* End PBXShellScriptBuildPhase section */

/* Begin PBXSourcesBuildPhase section */
		D2E01DA014CB0B9D0086A9CD /* Sources */ = {
			isa = PBXSourcesBuildPhase;
			buildActionMask = 2147483647;
			files = (
				D2E01DB514CB0B9D0086A9CD /* main.m in Sources */,
				D2E01DB914CB0B9D0086A9CD /* SCAppDelegate.m in Sources */,
				D2E01DBF14CB0B9D0086A9CD /* SCViewController.m in Sources */,
				D2E01DFD14CB10230086A9CD /* Facebook.m in Sources */,
				D2E01DFF14CB10230086A9CD /* FBDialog.m in Sources */,
				D2E01E0014CB10230086A9CD /* FBLoginDialog.m in Sources */,
				D2E01E0114CB10230086A9CD /* FBRequest.m in Sources */,
				D2E01E0214CB10230086A9CD /* NSObject+SBJSON.m in Sources */,
				D2E01E0314CB10230086A9CD /* NSString+SBJSON.m in Sources */,
				D2E01E0414CB10230086A9CD /* SBJSON.m in Sources */,
				D2E01E0514CB10230086A9CD /* SBJsonBase.m in Sources */,
				D2E01E0614CB10230086A9CD /* SBJsonParser.m in Sources */,
				D2E01E0714CB10230086A9CD /* SBJsonWriter.m in Sources */,
				D2E01E5B14CBC0F40086A9CD /* SCSettingViewController.m in Sources */,
				D2960CBD14CC54BC007A479F /* AlarmUtil.m in Sources */,
				D2960CC014CC54D7007A479F /* ClockUtil.m in Sources */,
			);
			runOnlyForDeploymentPostprocessing = 0;
		};
		D2E01DC014CB0B9D0086A9CD /* Sources */ = {
			isa = PBXSourcesBuildPhase;
			buildActionMask = 2147483647;
			files = (
				D2E01DD414CB0B9E0086A9CD /* SocialClockTests.m in Sources */,
				D2E01E0B14CB10320086A9CD /* Facebook.m in Sources */,
				D2E01E0C14CB10390086A9CD /* FBDialog.m in Sources */,
				D2E01E0D14CB103C0086A9CD /* FBLoginDialog.m in Sources */,
				D2E01E0E14CB10400086A9CD /* FBRequest.m in Sources */,
				D2E01E1014CB10660086A9CD /* NSObject+SBJSON.m in Sources */,
				D2E01E1114CB106C0086A9CD /* NSString+SBJSON.m in Sources */,
				D2E01E1214CB106F0086A9CD /* SBJSON.m in Sources */,
				D2E01E1314CB10720086A9CD /* SBJsonBase.m in Sources */,
				D2E01E1414CB10740086A9CD /* SBJsonParser.m in Sources */,
				D2E01E1514CB10780086A9CD /* SBJsonWriter.m in Sources */,
			);
			runOnlyForDeploymentPostprocessing = 0;
		};
/* End PBXSourcesBuildPhase section */

/* Begin PBXTargetDependency section */
		D2E01DCB14CB0B9E0086A9CD /* PBXTargetDependency */ = {
			isa = PBXTargetDependency;
			target = D2E01DA314CB0B9D0086A9CD /* SocialClock */;
			targetProxy = D2E01DCA14CB0B9E0086A9CD /* PBXContainerItemProxy */;
		};
/* End PBXTargetDependency section */

/* Begin PBXVariantGroup section */
		D2E01DB114CB0B9D0086A9CD /* InfoPlist.strings */ = {
			isa = PBXVariantGroup;
			children = (
				D2E01DB214CB0B9D0086A9CD /* en */,
			);
			name = InfoPlist.strings;
			sourceTree = "<group>";
		};
		D2E01DBA14CB0B9D0086A9CD /* MainStoryboard.storyboard */ = {
			isa = PBXVariantGroup;
			children = (
				D2E01DBB14CB0B9D0086A9CD /* en */,
			);
			name = MainStoryboard.storyboard;
			sourceTree = "<group>";
		};
		D2E01DCF14CB0B9E0086A9CD /* InfoPlist.strings */ = {
			isa = PBXVariantGroup;
			children = (
				D2E01DD014CB0B9E0086A9CD /* en */,
			);
			name = InfoPlist.strings;
			sourceTree = "<group>";
		};
/* End PBXVariantGroup section */

/* Begin XCBuildConfiguration section */
		D2E01DD514CB0B9E0086A9CD /* Debug */ = {
			isa = XCBuildConfiguration;
			buildSettings = {
				ALWAYS_SEARCH_USER_PATHS = NO;
				ARCHS = "$(ARCHS_STANDARD_32_BIT)";
				"CODE_SIGN_IDENTITY[sdk=iphoneos*]" = "iPhone Developer";
				COPY_PHASE_STRIP = NO;
				GCC_C_LANGUAGE_STANDARD = gnu99;
				GCC_DYNAMIC_NO_PIC = NO;
				GCC_OPTIMIZATION_LEVEL = 0;
				GCC_PREPROCESSOR_DEFINITIONS = (
					"DEBUG=1",
					"$(inherited)",
				);
				GCC_SYMBOLS_PRIVATE_EXTERN = NO;
				GCC_VERSION = com.apple.compilers.llvm.clang.1_0;
				GCC_WARN_ABOUT_MISSING_PROTOTYPES = YES;
				GCC_WARN_ABOUT_RETURN_TYPE = YES;
				GCC_WARN_UNUSED_VARIABLE = YES;
				IPHONEOS_DEPLOYMENT_TARGET = 5.0;
				SDKROOT = iphoneos;
			};
			name = Debug;
		};
		D2E01DD614CB0B9E0086A9CD /* Release */ = {
			isa = XCBuildConfiguration;
			buildSettings = {
				ALWAYS_SEARCH_USER_PATHS = NO;
				ARCHS = "$(ARCHS_STANDARD_32_BIT)";
				"CODE_SIGN_IDENTITY[sdk=iphoneos*]" = "iPhone Developer";
				COPY_PHASE_STRIP = YES;
				GCC_C_LANGUAGE_STANDARD = gnu99;
				GCC_VERSION = com.apple.compilers.llvm.clang.1_0;
				GCC_WARN_ABOUT_MISSING_PROTOTYPES = YES;
				GCC_WARN_ABOUT_RETURN_TYPE = YES;
				GCC_WARN_UNUSED_VARIABLE = YES;
				IPHONEOS_DEPLOYMENT_TARGET = 5.0;
				OTHER_CFLAGS = "-DNS_BLOCK_ASSERTIONS=1";
				SDKROOT = iphoneos;
				VALIDATE_PRODUCT = YES;
			};
			name = Release;
		};
		D2E01DD814CB0B9E0086A9CD /* Debug */ = {
			isa = XCBuildConfiguration;
			buildSettings = {
				GCC_PRECOMPILE_PREFIX_HEADER = YES;
				GCC_PREFIX_HEADER = "SocialClock/SocialClock-Prefix.pch";
				INFOPLIST_FILE = "SocialClock/SocialClock-Info.plist";
				PRODUCT_NAME = "$(TARGET_NAME)";
				WRAPPER_EXTENSION = app;
			};
			name = Debug;
		};
		D2E01DD914CB0B9E0086A9CD /* Release */ = {
			isa = XCBuildConfiguration;
			buildSettings = {
				GCC_PRECOMPILE_PREFIX_HEADER = YES;
				GCC_PREFIX_HEADER = "SocialClock/SocialClock-Prefix.pch";
				INFOPLIST_FILE = "SocialClock/SocialClock-Info.plist";
				PRODUCT_NAME = "$(TARGET_NAME)";
				WRAPPER_EXTENSION = app;
			};
			name = Release;
		};
		D2E01DDB14CB0B9E0086A9CD /* Debug */ = {
			isa = XCBuildConfiguration;
			buildSettings = {
				BUNDLE_LOADER = "$(BUILT_PRODUCTS_DIR)/SocialClock.app/SocialClock";
				CLANG_ENABLE_OBJC_ARC = NO;
				FRAMEWORK_SEARCH_PATHS = (
					"$(SDKROOT)/Developer/Library/Frameworks",
					"$(DEVELOPER_LIBRARY_DIR)/Frameworks",
				);
				GCC_PRECOMPILE_PREFIX_HEADER = YES;
				GCC_PREFIX_HEADER = "SocialClock/SocialClock-Prefix.pch";
				INFOPLIST_FILE = "SocialClockTests/SocialClockTests-Info.plist";
				PRODUCT_NAME = "$(TARGET_NAME)";
				TEST_HOST = "$(BUNDLE_LOADER)";
				WRAPPER_EXTENSION = octest;
			};
			name = Debug;
		};
		D2E01DDC14CB0B9E0086A9CD /* Release */ = {
			isa = XCBuildConfiguration;
			buildSettings = {
				BUNDLE_LOADER = "$(BUILT_PRODUCTS_DIR)/SocialClock.app/SocialClock";
				CLANG_ENABLE_OBJC_ARC = NO;
				FRAMEWORK_SEARCH_PATHS = (
					"$(SDKROOT)/Developer/Library/Frameworks",
					"$(DEVELOPER_LIBRARY_DIR)/Frameworks",
				);
				GCC_PRECOMPILE_PREFIX_HEADER = YES;
				GCC_PREFIX_HEADER = "SocialClock/SocialClock-Prefix.pch";
				INFOPLIST_FILE = "SocialClockTests/SocialClockTests-Info.plist";
				PRODUCT_NAME = "$(TARGET_NAME)";
				TEST_HOST = "$(BUNDLE_LOADER)";
				WRAPPER_EXTENSION = octest;
			};
			name = Release;
		};
/* End XCBuildConfiguration section */

/* Begin XCConfigurationList section */
		D2E01D9E14CB0B9D0086A9CD /* Build configuration list for PBXProject "SocialClock" */ = {
			isa = XCConfigurationList;
			buildConfigurations = (
				D2E01DD514CB0B9E0086A9CD /* Debug */,
				D2E01DD614CB0B9E0086A9CD /* Release */,
			);
			defaultConfigurationIsVisible = 0;
			defaultConfigurationName = Release;
		};
		D2E01DD714CB0B9E0086A9CD /* Build configuration list for PBXNativeTarget "SocialClock" */ = {
			isa = XCConfigurationList;
			buildConfigurations = (
				D2E01DD814CB0B9E0086A9CD /* Debug */,
				D2E01DD914CB0B9E0086A9CD /* Release */,
			);
			defaultConfigurationIsVisible = 0;
			defaultConfigurationName = Release;
		};
		D2E01DDA14CB0B9E0086A9CD /* Build configuration list for PBXNativeTarget "SocialClockTests" */ = {
			isa = XCConfigurationList;
			buildConfigurations = (
				D2E01DDB14CB0B9E0086A9CD /* Debug */,
				D2E01DDC14CB0B9E0086A9CD /* Release */,
			);
			defaultConfigurationIsVisible = 0;
			defaultConfigurationName = Release;
		};
/* End XCConfigurationList section */
	};
	rootObject = D2E01D9B14CB0B9D0086A9CD /* Project object */;
}
